
Microsoft Visual Studio Solution File, Format Version 12.00
# Visual Studio 15
VisualStudioVersion = 15.0.26228.9
MinimumVisualStudioVersion = 10.0.40219.1
Project("{FAE04EC0-301F-11D3-BF4B-00C04F79EFBC}") = "FarmVille", "FarmVille\FarmVille.csproj", "{0BEA7749-E484-4FBA-BAF5-AF1DD0E9F697}"
EndProject
Project("{FAE04EC0-301F-11D3-BF4B-00C04F79EFBC}") = "DAL", "DAL\DAL.csproj", "{F03C7744-E8CE-402E-9550-D7A964490004}"
EndProject
Project("{FAE04EC0-301F-11D3-BF4B-00C04F79EFBC}") = "BLL", "BLL\BLL.csproj", "{6895EEB4-DC93-4B57-8034-61947AE95C9D}"
EndProject
Project("{FAE04EC0-301F-11D3-BF4B-00C04F79EFBC}") = "Server", "Server\Server.csproj", "{925882C8-3263-4B6A-A0E8-87D9531B97D8}"
EndProject
Project("{FAE04EC0-301F-11D3-BF4B-00C04F79EFBC}") = "Helper", "Helper\Helper.csproj", "{3A3EDC10-6F9A-4339-B804-9A99D836FE73}"
EndProject
Global
	GlobalSection(SolutionConfigurationPlatforms) = preSolution
		Debug|Any CPU = Debug|Any CPU
		Release|Any CPU = Release|Any CPU
	EndGlobalSection
	GlobalSection(ProjectConfigurationPlatforms) = postSolution
		{0BEA7749-E484-4FBA-BAF5-AF1DD0E9F697}.Debug|Any CPU.ActiveCfg = Debug|Any CPU
		{0BEA7749-E484-4FBA-BAF5-AF1DD0E9F697}.Debug|Any CPU.Build.0 = Debug|Any CPU
		{0BEA7749-E484-4FBA-BAF5-AF1DD0E9F697}.Release|Any CPU.ActiveCfg = Release|Any CPU
		{0BEA7749-E484-4FBA-BAF5-AF1DD0E9F697}.Release|Any CPU.Build.0 = Release|Any CPU
		{F03C7744-E8CE-402E-9550-D7A964490004}.Debug|Any CPU.ActiveCfg = Debug|Any CPU
		{F03C7744-E8CE-402E-9550-D7A964490004}.Debug|Any CPU.Build.0 = Debug|Any CPU
		{F03C7744-E8CE-402E-9550-D7A964490004}.Release|Any CPU.ActiveCfg = Release|Any CPU
		{F03C7744-E8CE-402E-9550-D7A964490004}.Release|Any CPU.Build.0 = Release|Any CPU
		{6895EEB4-DC93-4B57-8034-61947AE95C9D}.Debug|Any CPU.ActiveCfg = Debug|Any CPU
		{6895EEB4-DC93-4B57-8034-61947AE95C9D}.Debug|Any CPU.Build.0 = Debug|Any CPU
		{6895EEB4-DC93-4B57-8034-61947AE95C9D}.Release|Any CPU.ActiveCfg = Release|Any CPU
		{6895EEB4-DC93-4B57-8034-61947AE95C9D}.Release|Any CPU.Build.0 = Release|Any CPU
		{925882C8-3263-4B6A-A0E8-87D9531B97D8}.Debug|Any CPU.ActiveCfg = Debug|Any CPU
		{925882C8-3263-4B6A-A0E8-87D9531B97D8}.Debug|Any CPU.Build.0 = Debug|Any CPU
		{925882C8-3263-4B6A-A0E8-87D9531B97D8}.Release|Any CPU.ActiveCfg = Release|Any CPU
		{925882C8-3263-4B6A-A0E8-87D9531B97D8}.Release|Any CPU.Build.0 = Release|Any CPU
		{3A3EDC10-6F9A-4339-B804-9A99D836FE73}.Debug|Any CPU.ActiveCfg = Debug|Any CPU
		{3A3EDC10-6F9A-4339-B804-9A99D836FE73}.Debug|Any CPU.Build.0 = Debug|Any CPU
		{3A3EDC10-6F9A-4339-B804-9A99D836FE73}.Release|Any CPU.ActiveCfg = Release|Any CPU
		{3A3EDC10-6F9A-4339-B804-9A99D836FE73}.Release|Any CPU.Build.0 = Release|Any CPU
	EndGlobalSection
	GlobalSection(SolutionProperties) = preSolution
		HideSolutionNode = FALSE
	EndGlobalSection
	GlobalSection(ExtensibilityGlobals) = postSolution
		SolutionGuid = {3209DD47-27E6-469F-BEDC-07C6352E13D3}
	EndGlobalSection
EndGlobal
